
Microsoft Visual Studio Solution File, Format Version 12.00
# Visual Studio 14
VisualStudioVersion = 14.0.25420.1
MinimumVisualStudioVersion = 10.0.40219.1
Project("{FAE04EC0-301F-11D3-BF4B-00C04F79EFBC}") = "BE", "BE\BE.csproj", "{A62E7A43-A521-4B7E-8D16-A3BB838C6FE2}"
EndProject
Project("{FAE04EC0-301F-11D3-BF4B-00C04F79EFBC}") = "DAL", "DAL\DAL.csproj", "{427D0A99-C93B-4BA7-9B27-57FD17E5CF78}"
EndProject
Project("{FAE04EC0-301F-11D3-BF4B-00C04F79EFBC}") = "DS", "DS\DS.csproj", "{4FECC950-3E79-4B91-8905-047A4A6BD81B}"
EndProject
Project("{FAE04EC0-301F-11D3-BF4B-00C04F79EFBC}") = "ConsoleApplication1", "..\ConsoleApplication1\ConsoleApplication1\ConsoleApplication1.csproj", "{9F823717-8F7E-4648-88EA-C6757618505F}"
EndProject
Project("{FAE04EC0-301F-11D3-BF4B-00C04F79EFBC}") = "BL", "BL\BL.csproj", "{D85A544B-9A04-452D-ACA0-C73BE8393DF7}"
EndProject
Project("{FAE04EC0-301F-11D3-BF4B-00C04F79EFBC}") = "PLWPF", "PLWPF\PLWPF.csproj", "{FB0B1C8F-123C-4CEB-8AC6-AF7829DC74B1}"
EndProject
Global
	GlobalSection(SolutionConfigurationPlatforms) = preSolution
		Debug|Any CPU = Debug|Any CPU
		Release|Any CPU = Release|Any CPU
	EndGlobalSection
	GlobalSection(ProjectConfigurationPlatforms) = postSolution
		{A62E7A43-A521-4B7E-8D16-A3BB838C6FE2}.Debug|Any CPU.ActiveCfg = Debug|Any CPU
		{A62E7A43-A521-4B7E-8D16-A3BB838C6FE2}.Debug|Any CPU.Build.0 = Debug|Any CPU
		{A62E7A43-A521-4B7E-8D16-A3BB838C6FE2}.Release|Any CPU.ActiveCfg = Release|Any CPU
		{A62E7A43-A521-4B7E-8D16-A3BB838C6FE2}.Release|Any CPU.Build.0 = Release|Any CPU
		{427D0A99-C93B-4BA7-9B27-57FD17E5CF78}.Debug|Any CPU.ActiveCfg = Debug|Any CPU
		{427D0A99-C93B-4BA7-9B27-57FD17E5CF78}.Debug|Any CPU.Build.0 = Debug|Any CPU
		{427D0A99-C93B-4BA7-9B27-57FD17E5CF78}.Release|Any CPU.ActiveCfg = Release|Any CPU
		{427D0A99-C93B-4BA7-9B27-57FD17E5CF78}.Release|Any CPU.Build.0 = Release|Any CPU
		{4FECC950-3E79-4B91-8905-047A4A6BD81B}.Debug|Any CPU.ActiveCfg = Debug|Any CPU
		{4FECC950-3E79-4B91-8905-047A4A6BD81B}.Debug|Any CPU.Build.0 = Debug|Any CPU
		{4FECC950-3E79-4B91-8905-047A4A6BD81B}.Release|Any CPU.ActiveCfg = Release|Any CPU
		{4FECC950-3E79-4B91-8905-047A4A6BD81B}.Release|Any CPU.Build.0 = Release|Any CPU
		{9F823717-8F7E-4648-88EA-C6757618505F}.Debug|Any CPU.ActiveCfg = Debug|Any CPU
		{9F823717-8F7E-4648-88EA-C6757618505F}.Debug|Any CPU.Build.0 = Debug|Any CPU
		{9F823717-8F7E-4648-88EA-C6757618505F}.Release|Any CPU.ActiveCfg = Release|Any CPU
		{9F823717-8F7E-4648-88EA-C6757618505F}.Release|Any CPU.Build.0 = Release|Any CPU
		{D85A544B-9A04-452D-ACA0-C73BE8393DF7}.Debug|Any CPU.ActiveCfg = Debug|Any CPU
		{D85A544B-9A04-452D-ACA0-C73BE8393DF7}.Debug|Any CPU.Build.0 = Debug|Any CPU
		{D85A544B-9A04-452D-ACA0-C73BE8393DF7}.Release|Any CPU.ActiveCfg = Release|Any CPU
		{D85A544B-9A04-452D-ACA0-C73BE8393DF7}.Release|Any CPU.Build.0 = Release|Any CPU
		{FB0B1C8F-123C-4CEB-8AC6-AF7829DC74B1}.Debug|Any CPU.ActiveCfg = Debug|Any CPU
		{FB0B1C8F-123C-4CEB-8AC6-AF7829DC74B1}.Debug|Any CPU.Build.0 = Debug|Any CPU
		{FB0B1C8F-123C-4CEB-8AC6-AF7829DC74B1}.Release|Any CPU.ActiveCfg = Release|Any CPU
		{FB0B1C8F-123C-4CEB-8AC6-AF7829DC74B1}.Release|Any CPU.Build.0 = Release|Any CPU
	EndGlobalSection
	GlobalSection(SolutionProperties) = preSolution
		HideSolutionNode = FALSE
	EndGlobalSection
EndGlobal
